# THIS IS AN AUTOGENERATED FILE. DO NOT EDIT THIS FILE DIRECTLY.
# yarn lockfile v1


lastcall-artifact.sh@^1.0.0:
  version "1.0.0"
  resolved "https://registry.yarnpkg.com/lastcall-artifact.sh/-/lastcall-artifact.sh-1.0.0.tgz#f3d251178df3fe9cea58cffec88c1bbda34aac98"
  integrity sha512-0Or7RBeO9xj/EnkZXAIA00MUq5pBbQzD6nYUs3+K0e6O7hlcvshPv0rR+WHhELWcbfz21xYDhot7itRDC6HtWw==
